
Microsoft Visual Studio Solution File, Format Version 12.00
# Visual Studio Version 16
VisualStudioVersion = 16.0.810.11
MinimumVisualStudioVersion = 10.0.40219.1
Project("{FAE04EC0-301F-11D3-BF4B-00C04F79EFBC}") = "ResiliencePatterns.Polly", "ResiliencePatterns.Polly.csproj", "{DCC42287-866F-46FC-8B1C-906F22BF3E74}"
EndProject
Global
	GlobalSection(SolutionConfigurationPlatforms) = preSolution
		Debug|Any CPU = Debug|Any CPU
		Release|Any CPU = Release|Any CPU
	EndGlobalSection
	GlobalSection(ProjectConfigurationPlatforms) = postSolution
		{DCC42287-866F-46FC-8B1C-906F22BF3E74}.Debug|Any CPU.ActiveCfg = Debug|Any CPU
		{DCC42287-866F-46FC-8B1C-906F22BF3E74}.Debug|Any CPU.Build.0 = Debug|Any CPU
		{DCC42287-866F-46FC-8B1C-906F22BF3E74}.Release|Any CPU.ActiveCfg = Release|Any CPU
		{DCC42287-866F-46FC-8B1C-906F22BF3E74}.Release|Any CPU.Build.0 = Release|Any CPU
	EndGlobalSection
	GlobalSection(SolutionProperties) = preSolution
		HideSolutionNode = FALSE
	EndGlobalSection
	GlobalSection(ExtensibilityGlobals) = postSolution
		SolutionGuid = {DB571D0A-5500-41D6-89E4-813E8AAAECF6}
	EndGlobalSection
EndGlobal
